// !$*UTF8*$!
{
	archiveVersion = 1;
	classes = {
	};
	objectVersion = 46;
	objects = {

/* Begin PBXBuildFile section */
		A2018CD8C4C5F9E14D4391AB /* libPods.a in Frameworks */ = {isa = PBXBuildFile; fileRef = DB61B770DBE51C60A1CD8D9C /* libPods.a */; };
		FC101BF61CE36A3000ADAADF /* GFMessageViewController.m in Sources */ = {isa = PBXBuildFile; fileRef = FC101BF41CE36A3000ADAADF /* GFMessageViewController.m */; };
		FC101BF71CE36A3000ADAADF /* GFMessageViewController.xib in Resources */ = {isa = PBXBuildFile; fileRef = FC101BF51CE36A3000ADAADF /* GFMessageViewController.xib */; };
		FC101BFB1CE36A3F00ADAADF /* GFMeViewController.m in Sources */ = {isa = PBXBuildFile; fileRef = FC101BF91CE36A3F00ADAADF /* GFMeViewController.m */; };
		FC101BFC1CE36A3F00ADAADF /* GFMeViewController.xib in Resources */ = {isa = PBXBuildFile; fileRef = FC101BFA1CE36A3F00ADAADF /* GFMeViewController.xib */; };
		FC101BFF1CE36AA900ADAADF /* UIImage+GFImage.m in Sources */ = {isa = PBXBuildFile; fileRef = FC101BFE1CE36AA900ADAADF /* UIImage+GFImage.m */; };
		FC101C021CE36AE200ADAADF /* GFNavigationController.m in Sources */ = {isa = PBXBuildFile; fileRef = FC101C011CE36AE200ADAADF /* GFNavigationController.m */; };
		FC101C051CE36C2500ADAADF /* GFTabBar.m in Sources */ = {isa = PBXBuildFile; fileRef = FC101C041CE36C2500ADAADF /* GFTabBar.m */; };
		FC101C081CE36CEB00ADAADF /* UIBarButtonItem+GFBarButtonItem.m in Sources */ = {isa = PBXBuildFile; fileRef = FC101C071CE36CEB00ADAADF /* UIBarButtonItem+GFBarButtonItem.m */; };
		FC1ACF8D1CE373A600DE97A6 /* lanuch.png in Resources */ = {isa = PBXBuildFile; fileRef = FC1ACF8C1CE373A600DE97A6 /* lanuch.png */; };
		FC1ACF931CE377D900DE97A6 /* GFConstValue.m in Sources */ = {isa = PBXBuildFile; fileRef = FC1ACF921CE377D900DE97A6 /* GFConstValue.m */; };
		FC1D11AC1D06A9DF0019BC8E /* GFLoginRacTest.m in Sources */ = {isa = PBXBuildFile; fileRef = FC1D11AB1D06A9DF0019BC8E /* GFLoginRacTest.m */; };
		FC1D11B61D06BB420019BC8E /* GFContentSortCell.m in Sources */ = {isa = PBXBuildFile; fileRef = FC1D11B41D06BB420019BC8E /* GFContentSortCell.m */; };
		FC1D11B71D06BB420019BC8E /* GFContentSortCell.xib in Resources */ = {isa = PBXBuildFile; fileRef = FC1D11B51D06BB420019BC8E /* GFContentSortCell.xib */; };
		FC20A9931CE4D64400BEAF36 /* GFHTTPManger.m in Sources */ = {isa = PBXBuildFile; fileRef = FC20A9921CE4D64400BEAF36 /* GFHTTPManger.m */; };
		FC20A9961CE4D90F00BEAF36 /* GFNetworkingConst.m in Sources */ = {isa = PBXBuildFile; fileRef = FC20A9951CE4D90F00BEAF36 /* GFNetworkingConst.m */; };
		FC20A99D1CE4DE1F00BEAF36 /* GFHomeContentViewModel.m in Sources */ = {isa = PBXBuildFile; fileRef = FC20A99C1CE4DE1F00BEAF36 /* GFHomeContentViewModel.m */; };
		FC20A9A01CE4DEE200BEAF36 /* GFHomeContentModel.m in Sources */ = {isa = PBXBuildFile; fileRef = FC20A99F1CE4DEE200BEAF36 /* GFHomeContentModel.m */; };
		FC20A9A41CE4E16500BEAF36 /* GFHomeContentCollectionViewCell.m in Sources */ = {isa = PBXBuildFile; fileRef = FC20A9A21CE4E16500BEAF36 /* GFHomeContentCollectionViewCell.m */; };
		FC20A9A51CE4E16500BEAF36 /* GFHomeContentCollectionViewCell.xib in Resources */ = {isa = PBXBuildFile; fileRef = FC20A9A31CE4E16500BEAF36 /* GFHomeContentCollectionViewCell.xib */; };
		FC20A9A81CE4E50400BEAF36 /* GFCollectionViewFlowLayout.m in Sources */ = {isa = PBXBuildFile; fileRef = FC20A9A71CE4E50400BEAF36 /* GFCollectionViewFlowLayout.m */; };
		FC8CFCC81CE6125000795D5F /* GFHTTPManger+GFLogin.m in Sources */ = {isa = PBXBuildFile; fileRef = FC8CFCC71CE6125000795D5F /* GFHTTPManger+GFLogin.m */; };
		FC8CFCCB1CE613E700795D5F /* GFHTTPManger+GFLoginRAC.m in Sources */ = {isa = PBXBuildFile; fileRef = FC8CFCCA1CE613E700795D5F /* GFHTTPManger+GFLoginRAC.m */; };
		FCC1C92C1CDDA423001D95C2 /* UIImageView+GFCornerRadius.m in Sources */ = {isa = PBXBuildFile; fileRef = FCC1C92B1CDDA423001D95C2 /* UIImageView+GFCornerRadius.m */; };
		FCEC41E01CDB9B78007F8F73 /* main.m in Sources */ = {isa = PBXBuildFile; fileRef = FCEC41DF1CDB9B78007F8F73 /* main.m */; };
		FCEC41E31CDB9B78007F8F73 /* AppDelegate.m in Sources */ = {isa = PBXBuildFile; fileRef = FCEC41E21CDB9B78007F8F73 /* AppDelegate.m */; };
		FCEC41EB1CDB9B78007F8F73 /* Assets.xcassets in Resources */ = {isa = PBXBuildFile; fileRef = FCEC41EA1CDB9B78007F8F73 /* Assets.xcassets */; };
		FCEC41EE1CDB9B78007F8F73 /* LaunchScreen.storyboard in Resources */ = {isa = PBXBuildFile; fileRef = FCEC41EC1CDB9B78007F8F73 /* LaunchScreen.storyboard */; };
		FCEC41F91CDB9B78007F8F73 /* oneWordTests.m in Sources */ = {isa = PBXBuildFile; fileRef = FCEC41F81CDB9B78007F8F73 /* oneWordTests.m */; };
		FCEC42041CDB9B78007F8F73 /* oneWordUITests.m in Sources */ = {isa = PBXBuildFile; fileRef = FCEC42031CDB9B78007F8F73 /* oneWordUITests.m */; };
		FCEC42181CDB9F75007F8F73 /* GFTabBarViewController.m in Sources */ = {isa = PBXBuildFile; fileRef = FCEC42171CDB9F75007F8F73 /* GFTabBarViewController.m */; };
		FCEC421B1CDBA04C007F8F73 /* GFHomeContentViewController.m in Sources */ = {isa = PBXBuildFile; fileRef = FCEC421A1CDBA04C007F8F73 /* GFHomeContentViewController.m */; };
		FCEC421F1CDBA334007F8F73 /* UIView+GFExtension.m in Sources */ = {isa = PBXBuildFile; fileRef = FCEC421E1CDBA334007F8F73 /* UIView+GFExtension.m */; };
		FCEC42251CDBA9D2007F8F73 /* GFContentSortTableViewController.m in Sources */ = {isa = PBXBuildFile; fileRef = FCEC42241CDBA9D2007F8F73 /* GFContentSortTableViewController.m */; };
/* End PBXBuildFile section */

/* Begin PBXContainerItemProxy section */
		FCEC41F51CDB9B78007F8F73 /* PBXContainerItemProxy */ = {
			isa = PBXContainerItemProxy;
			containerPortal = FCEC41D31CDB9B78007F8F73 /* Project object */;
			proxyType = 1;
			remoteGlobalIDString = FCEC41DA1CDB9B78007F8F73;
			remoteInfo = oneWord;
		};
		FCEC42001CDB9B78007F8F73 /* PBXContainerItemProxy */ = {
			isa = PBXContainerItemProxy;
			containerPortal = FCEC41D31CDB9B78007F8F73 /* Project object */;
			proxyType = 1;
			remoteGlobalIDString = FCEC41DA1CDB9B78007F8F73;
			remoteInfo = oneWord;
		};
/* End PBXContainerItemProxy section */

/* Begin PBXFileReference section */
		99ECDC98EDF8ADD3D0763CB8 /* Pods.release.xcconfig */ = {isa = PBXFileReference; includeInIndex = 1; lastKnownFileType = text.xcconfig; name = Pods.release.xcconfig; path = "Pods/Target Support Files/Pods/Pods.release.xcconfig"; sourceTree = "<group>"; };
		BDCFED3EC03D53901732E0C6 /* Pods.debug.xcconfig */ = {isa = PBXFileReference; includeInIndex = 1; lastKnownFileType = text.xcconfig; name = Pods.debug.xcconfig; path = "Pods/Target Support Files/Pods/Pods.debug.xcconfig"; sourceTree = "<group>"; };
		DB61B770DBE51C60A1CD8D9C /* libPods.a */ = {isa = PBXFileReference; explicitFileType = archive.ar; includeInIndex = 0; path = libPods.a; sourceTree = BUILT_PRODUCTS_DIR; };
		FC101BF31CE36A3000ADAADF /* GFMessageViewController.h */ = {isa = PBXFileReference; fileEncoding = 4; lastKnownFileType = sourcecode.c.h; path = GFMessageViewController.h; sourceTree = "<group>"; };
		FC101BF41CE36A3000ADAADF /* GFMessageViewController.m */ = {isa = PBXFileReference; fileEncoding = 4; lastKnownFileType = sourcecode.c.objc; path = GFMessageViewController.m; sourceTree = "<group>"; };
		FC101BF51CE36A3000ADAADF /* GFMessageViewController.xib */ = {isa = PBXFileReference; fileEncoding = 4; lastKnownFileType = file.xib; path = GFMessageViewController.xib; sourceTree = "<group>"; };
		FC101BF81CE36A3F00ADAADF /* GFMeViewController.h */ = {isa = PBXFileReference; fileEncoding = 4; lastKnownFileType = sourcecode.c.h; path = GFMeViewController.h; sourceTree = "<group>"; };
		FC101BF91CE36A3F00ADAADF /* GFMeViewController.m */ = {isa = PBXFileReference; fileEncoding = 4; lastKnownFileType = sourcecode.c.objc; path = GFMeViewController.m; sourceTree = "<group>"; };
		FC101BFA1CE36A3F00ADAADF /* GFMeViewController.xib */ = {isa = PBXFileReference; fileEncoding = 4; lastKnownFileType = file.xib; path = GFMeViewController.xib; sourceTree = "<group>"; };
		FC101BFD1CE36AA900ADAADF /* UIImage+GFImage.h */ = {isa = PBXFileReference; fileEncoding = 4; lastKnownFileType = sourcecode.c.h; path = "UIImage+GFImage.h"; sourceTree = "<group>"; };
		FC101BFE1CE36AA900ADAADF /* UIImage+GFImage.m */ = {isa = PBXFileReference; fileEncoding = 4; lastKnownFileType = sourcecode.c.objc; path = "UIImage+GFImage.m"; sourceTree = "<group>"; };
		FC101C001CE36AE200ADAADF /* GFNavigationController.h */ = {isa = PBXFileReference; fileEncoding = 4; lastKnownFileType = sourcecode.c.h; path = GFNavigationController.h; sourceTree = "<group>"; };
		FC101C011CE36AE200ADAADF /* GFNavigationController.m */ = {isa = PBXFileReference; fileEncoding = 4; lastKnownFileType = sourcecode.c.objc; path = GFNavigationController.m; sourceTree = "<group>"; };
		FC101C031CE36C2500ADAADF /* GFTabBar.h */ = {isa = PBXFileReference; fileEncoding = 4; lastKnownFileType = sourcecode.c.h; path = GFTabBar.h; sourceTree = "<group>"; };
		FC101C041CE36C2500ADAADF /* GFTabBar.m */ = {isa = PBXFileReference; fileEncoding = 4; lastKnownFileType = sourcecode.c.objc; path = GFTabBar.m; sourceTree = "<group>"; };
		FC101C061CE36CEB00ADAADF /* UIBarButtonItem+GFBarButtonItem.h */ = {isa = PBXFileReference; fileEncoding = 4; lastKnownFileType = sourcecode.c.h; path = "UIBarButtonItem+GFBarButtonItem.h"; sourceTree = "<group>"; };
		FC101C071CE36CEB00ADAADF /* UIBarButtonItem+GFBarButtonItem.m */ = {isa = PBXFileReference; fileEncoding = 4; lastKnownFileType = sourcecode.c.objc; path = "UIBarButtonItem+GFBarButtonItem.m"; sourceTree = "<group>"; };
		FC1722481D05832000846BCD /* NetWorkingBlock.h */ = {isa = PBXFileReference; lastKnownFileType = sourcecode.c.h; path = NetWorkingBlock.h; sourceTree = "<group>"; };
		FC1ACF8C1CE373A600DE97A6 /* lanuch.png */ = {isa = PBXFileReference; lastKnownFileType = image.png; path = lanuch.png; sourceTree = "<group>"; };
		FC1ACF911CE377D900DE97A6 /* GFConstValue.h */ = {isa = PBXFileReference; fileEncoding = 4; lastKnownFileType = sourcecode.c.h; path = GFConstValue.h; sourceTree = "<group>"; };
		FC1ACF921CE377D900DE97A6 /* GFConstValue.m */ = {isa = PBXFileReference; fileEncoding = 4; lastKnownFileType = sourcecode.c.objc; path = GFConstValue.m; sourceTree = "<group>"; };
		FC1D11AB1D06A9DF0019BC8E /* GFLoginRacTest.m */ = {isa = PBXFileReference; fileEncoding = 4; lastKnownFileType = sourcecode.c.objc; path = GFLoginRacTest.m; sourceTree = "<group>"; };
		FC1D11AD1D06AD780019BC8E /* NetWorkingHeader.h */ = {isa = PBXFileReference; lastKnownFileType = sourcecode.c.h; path = NetWorkingHeader.h; sourceTree = "<group>"; };
		FC1D11B31D06BB420019BC8E /* GFContentSortCell.h */ = {isa = PBXFileReference; fileEncoding = 4; lastKnownFileType = sourcecode.c.h; path = GFContentSortCell.h; sourceTree = "<group>"; };
		FC1D11B41D06BB420019BC8E /* GFContentSortCell.m */ = {isa = PBXFileReference; fileEncoding = 4; lastKnownFileType = sourcecode.c.objc; path = GFContentSortCell.m; sourceTree = "<group>"; };
		FC1D11B51D06BB420019BC8E /* GFContentSortCell.xib */ = {isa = PBXFileReference; fileEncoding = 4; lastKnownFileType = file.xib; path = GFContentSortCell.xib; sourceTree = "<group>"; };
		FC20A9911CE4D64400BEAF36 /* GFHTTPManger.h */ = {isa = PBXFileReference; fileEncoding = 4; lastKnownFileType = sourcecode.c.h; path = GFHTTPManger.h; sourceTree = "<group>"; };
		FC20A9921CE4D64400BEAF36 /* GFHTTPManger.m */ = {isa = PBXFileReference; fileEncoding = 4; lastKnownFileType = sourcecode.c.objc; path = GFHTTPManger.m; sourceTree = "<group>"; };
		FC20A9941CE4D90F00BEAF36 /* GFNetworkingConst.h */ = {isa = PBXFileReference; fileEncoding = 4; lastKnownFileType = sourcecode.c.h; path = GFNetworkingConst.h; sourceTree = "<group>"; };
		FC20A9951CE4D90F00BEAF36 /* GFNetworkingConst.m */ = {isa = PBXFileReference; fileEncoding = 4; lastKnownFileType = sourcecode.c.objc; path = GFNetworkingConst.m; sourceTree = "<group>"; };
		FC20A99B1CE4DE1F00BEAF36 /* GFHomeContentViewModel.h */ = {isa = PBXFileReference; fileEncoding = 4; lastKnownFileType = sourcecode.c.h; path = GFHomeContentViewModel.h; sourceTree = "<group>"; };
		FC20A99C1CE4DE1F00BEAF36 /* GFHomeContentViewModel.m */ = {isa = PBXFileReference; fileEncoding = 4; lastKnownFileType = sourcecode.c.objc; path = GFHomeContentViewModel.m; sourceTree = "<group>"; };
		FC20A99E1CE4DEE200BEAF36 /* GFHomeContentModel.h */ = {isa = PBXFileReference; fileEncoding = 4; lastKnownFileType = sourcecode.c.h; path = GFHomeContentModel.h; sourceTree = "<group>"; };
		FC20A99F1CE4DEE200BEAF36 /* GFHomeContentModel.m */ = {isa = PBXFileReference; fileEncoding = 4; lastKnownFileType = sourcecode.c.objc; path = GFHomeContentModel.m; sourceTree = "<group>"; };
		FC20A9A11CE4E16500BEAF36 /* GFHomeContentCollectionViewCell.h */ = {isa = PBXFileReference; fileEncoding = 4; lastKnownFileType = sourcecode.c.h; path = GFHomeContentCollectionViewCell.h; sourceTree = "<group>"; };
		FC20A9A21CE4E16500BEAF36 /* GFHomeContentCollectionViewCell.m */ = {isa = PBXFileReference; fileEncoding = 4; lastKnownFileType = sourcecode.c.objc; path = GFHomeContentCollectionViewCell.m; sourceTree = "<group>"; };
		FC20A9A31CE4E16500BEAF36 /* GFHomeContentCollectionViewCell.xib */ = {isa = PBXFileReference; fileEncoding = 4; lastKnownFileType = file.xib; path = GFHomeContentCollectionViewCell.xib; sourceTree = "<group>"; };
		FC20A9A61CE4E50400BEAF36 /* GFCollectionViewFlowLayout.h */ = {isa = PBXFileReference; fileEncoding = 4; lastKnownFileType = sourcecode.c.h; path = GFCollectionViewFlowLayout.h; sourceTree = "<group>"; };
		FC20A9A71CE4E50400BEAF36 /* GFCollectionViewFlowLayout.m */ = {isa = PBXFileReference; fileEncoding = 4; lastKnownFileType = sourcecode.c.objc; path = GFCollectionViewFlowLayout.m; sourceTree = "<group>"; };
		FC8CFCC61CE6125000795D5F /* GFHTTPManger+GFLogin.h */ = {isa = PBXFileReference; fileEncoding = 4; lastKnownFileType = sourcecode.c.h; path = "GFHTTPManger+GFLogin.h"; sourceTree = "<group>"; };
		FC8CFCC71CE6125000795D5F /* GFHTTPManger+GFLogin.m */ = {isa = PBXFileReference; fileEncoding = 4; lastKnownFileType = sourcecode.c.objc; path = "GFHTTPManger+GFLogin.m"; sourceTree = "<group>"; };
		FC8CFCC91CE613E700795D5F /* GFHTTPManger+GFLoginRAC.h */ = {isa = PBXFileReference; fileEncoding = 4; lastKnownFileType = sourcecode.c.h; path = "GFHTTPManger+GFLoginRAC.h"; sourceTree = "<group>"; };
		FC8CFCCA1CE613E700795D5F /* GFHTTPManger+GFLoginRAC.m */ = {isa = PBXFileReference; fileEncoding = 4; lastKnownFileType = sourcecode.c.objc; path = "GFHTTPManger+GFLoginRAC.m"; sourceTree = "<group>"; };
		FCC1C92A1CDDA423001D95C2 /* UIImageView+GFCornerRadius.h */ = {isa = PBXFileReference; fileEncoding = 4; lastKnownFileType = sourcecode.c.h; path = "UIImageView+GFCornerRadius.h"; sourceTree = "<group>"; };
		FCC1C92B1CDDA423001D95C2 /* UIImageView+GFCornerRadius.m */ = {isa = PBXFileReference; fileEncoding = 4; lastKnownFileType = sourcecode.c.objc; path = "UIImageView+GFCornerRadius.m"; sourceTree = "<group>"; };
		FCEC41DB1CDB9B78007F8F73 /* oneWord.app */ = {isa = PBXFileReference; explicitFileType = wrapper.application; includeInIndex = 0; path = oneWord.app; sourceTree = BUILT_PRODUCTS_DIR; };
		FCEC41DF1CDB9B78007F8F73 /* main.m */ = {isa = PBXFileReference; lastKnownFileType = sourcecode.c.objc; path = main.m; sourceTree = "<group>"; };
		FCEC41E11CDB9B78007F8F73 /* AppDelegate.h */ = {isa = PBXFileReference; lastKnownFileType = sourcecode.c.h; path = AppDelegate.h; sourceTree = "<group>"; };
		FCEC41E21CDB9B78007F8F73 /* AppDelegate.m */ = {isa = PBXFileReference; lastKnownFileType = sourcecode.c.objc; path = AppDelegate.m; sourceTree = "<group>"; };
		FCEC41EA1CDB9B78007F8F73 /* Assets.xcassets */ = {isa = PBXFileReference; lastKnownFileType = folder.assetcatalog; path = Assets.xcassets; sourceTree = "<group>"; };
		FCEC41ED1CDB9B78007F8F73 /* Base */ = {isa = PBXFileReference; lastKnownFileType = file.storyboard; name = Base; path = Base.lproj/LaunchScreen.storyboard; sourceTree = "<group>"; };
		FCEC41EF1CDB9B78007F8F73 /* Info.plist */ = {isa = PBXFileReference; lastKnownFileType = text.plist.xml; path = Info.plist; sourceTree = "<group>"; };
		FCEC41F41CDB9B78007F8F73 /* oneWordTests.xctest */ = {isa = PBXFileReference; explicitFileType = wrapper.cfbundle; includeInIndex = 0; path = oneWordTests.xctest; sourceTree = BUILT_PRODUCTS_DIR; };
		FCEC41F81CDB9B78007F8F73 /* oneWordTests.m */ = {isa = PBXFileReference; lastKnownFileType = sourcecode.c.objc; path = oneWordTests.m; sourceTree = "<group>"; };
		FCEC41FA1CDB9B78007F8F73 /* Info.plist */ = {isa = PBXFileReference; lastKnownFileType = text.plist.xml; path = Info.plist; sourceTree = "<group>"; };
		FCEC41FF1CDB9B78007F8F73 /* oneWordUITests.xctest */ = {isa = PBXFileReference; explicitFileType = wrapper.cfbundle; includeInIndex = 0; path = oneWordUITests.xctest; sourceTree = BUILT_PRODUCTS_DIR; };
		FCEC42031CDB9B78007F8F73 /* oneWordUITests.m */ = {isa = PBXFileReference; lastKnownFileType = sourcecode.c.objc; path = oneWordUITests.m; sourceTree = "<group>"; };
		FCEC42051CDB9B78007F8F73 /* Info.plist */ = {isa = PBXFileReference; lastKnownFileType = text.plist.xml; path = Info.plist; sourceTree = "<group>"; };
		FCEC42161CDB9F75007F8F73 /* GFTabBarViewController.h */ = {isa = PBXFileReference; fileEncoding = 4; lastKnownFileType = sourcecode.c.h; path = GFTabBarViewController.h; sourceTree = "<group>"; };
		FCEC42171CDB9F75007F8F73 /* GFTabBarViewController.m */ = {isa = PBXFileReference; fileEncoding = 4; lastKnownFileType = sourcecode.c.objc; path = GFTabBarViewController.m; sourceTree = "<group>"; };
		FCEC42191CDBA04C007F8F73 /* GFHomeContentViewController.h */ = {isa = PBXFileReference; fileEncoding = 4; lastKnownFileType = sourcecode.c.h; path = GFHomeContentViewController.h; sourceTree = "<group>"; };
		FCEC421A1CDBA04C007F8F73 /* GFHomeContentViewController.m */ = {isa = PBXFileReference; fileEncoding = 4; lastKnownFileType = sourcecode.c.objc; path = GFHomeContentViewController.m; sourceTree = "<group>"; };
		FCEC421D1CDBA334007F8F73 /* UIView+GFExtension.h */ = {isa = PBXFileReference; fileEncoding = 4; lastKnownFileType = sourcecode.c.h; path = "UIView+GFExtension.h"; sourceTree = "<group>"; };
		FCEC421E1CDBA334007F8F73 /* UIView+GFExtension.m */ = {isa = PBXFileReference; fileEncoding = 4; lastKnownFileType = sourcecode.c.objc; path = "UIView+GFExtension.m"; sourceTree = "<group>"; };
		FCEC42201CDBA39A007F8F73 /* GFCategoryHeader.h */ = {isa = PBXFileReference; lastKnownFileType = sourcecode.c.h; path = GFCategoryHeader.h; sourceTree = "<group>"; };
		FCEC42221CDBA3F3007F8F73 /* GFPrefixHeader.pch */ = {isa = PBXFileReference; lastKnownFileType = sourcecode.c.h; path = GFPrefixHeader.pch; sourceTree = "<group>"; };
		FCEC42231CDBA9D2007F8F73 /* GFContentSortTableViewController.h */ = {isa = PBXFileReference; fileEncoding = 4; lastKnownFileType = sourcecode.c.h; path = GFContentSortTableViewController.h; sourceTree = "<group>"; };
		FCEC42241CDBA9D2007F8F73 /* GFContentSortTableViewController.m */ = {isa = PBXFileReference; fileEncoding = 4; lastKnownFileType = sourcecode.c.objc; path = GFContentSortTableViewController.m; sourceTree = "<group>"; };
/* End PBXFileReference section */

/* Begin PBXFrameworksBuildPhase section */
		FCEC41D81CDB9B78007F8F73 /* Frameworks */ = {
			isa = PBXFrameworksBuildPhase;
			buildActionMask = 2147483647;
			files = (
				A2018CD8C4C5F9E14D4391AB /* libPods.a in Frameworks */,
			);
			runOnlyForDeploymentPostprocessing = 0;
		};
		FCEC41F11CDB9B78007F8F73 /* Frameworks */ = {
			isa = PBXFrameworksBuildPhase;
			buildActionMask = 2147483647;
			files = (
			);
			runOnlyForDeploymentPostprocessing = 0;
		};
		FCEC41FC1CDB9B78007F8F73 /* Frameworks */ = {
			isa = PBXFrameworksBuildPhase;
			buildActionMask = 2147483647;
			files = (
			);
			runOnlyForDeploymentPostprocessing = 0;
		};
/* End PBXFrameworksBuildPhase section */

/* Begin PBXGroup section */
		3A030DA9E825CA0D69E7AF7E /* Frameworks */ = {
			isa = PBXGroup;
			children = (
				DB61B770DBE51C60A1CD8D9C /* libPods.a */,
			);
			name = Frameworks;
			sourceTree = "<group>";
		};
		BE23C209773930DAACE000AB /* Pods */ = {
			isa = PBXGroup;
			children = (
				BDCFED3EC03D53901732E0C6 /* Pods.debug.xcconfig */,
				99ECDC98EDF8ADD3D0763CB8 /* Pods.release.xcconfig */,
			);
			name = Pods;
			sourceTree = "<group>";
		};
		FC101BF11CE36A0A00ADAADF /* Message */ = {
			isa = PBXGroup;
			children = (
				FC101BF31CE36A3000ADAADF /* GFMessageViewController.h */,
				FC101BF41CE36A3000ADAADF /* GFMessageViewController.m */,
				FC101BF51CE36A3000ADAADF /* GFMessageViewController.xib */,
			);
			name = Message;
			sourceTree = "<group>";
		};
		FC101BF21CE36A1000ADAADF /* Me */ = {
			isa = PBXGroup;
			children = (
				FC101BF81CE36A3F00ADAADF /* GFMeViewController.h */,
				FC101BF91CE36A3F00ADAADF /* GFMeViewController.m */,
				FC101BFA1CE36A3F00ADAADF /* GFMeViewController.xib */,
			);
			name = Me;
			sourceTree = "<group>";
		};
		FC20A98F1CE4D60D00BEAF36 /* API */ = {
			isa = PBXGroup;
			children = (
				FC20A9901CE4D61500BEAF36 /* Networking */,
			);
			name = API;
			sourceTree = "<group>";
		};
		FC20A9901CE4D61500BEAF36 /* Networking */ = {
			isa = PBXGroup;
			children = (
				FC20A9911CE4D64400BEAF36 /* GFHTTPManger.h */,
				FC20A9921CE4D64400BEAF36 /* GFHTTPManger.m */,
				FC20A9941CE4D90F00BEAF36 /* GFNetworkingConst.h */,
				FC20A9951CE4D90F00BEAF36 /* GFNetworkingConst.m */,
				FC8CFCC61CE6125000795D5F /* GFHTTPManger+GFLogin.h */,
				FC8CFCC71CE6125000795D5F /* GFHTTPManger+GFLogin.m */,
				FC8CFCC91CE613E700795D5F /* GFHTTPManger+GFLoginRAC.h */,
				FC8CFCCA1CE613E700795D5F /* GFHTTPManger+GFLoginRAC.m */,
				FC1722481D05832000846BCD /* NetWorkingBlock.h */,
				FC1D11AD1D06AD780019BC8E /* NetWorkingHeader.h */,
			);
			name = Networking;
			sourceTree = "<group>";
		};
		FC20A9981CE4DDE400BEAF36 /* View */ = {
			isa = PBXGroup;
			children = (
				FCEC42191CDBA04C007F8F73 /* GFHomeContentViewController.h */,
				FCEC421A1CDBA04C007F8F73 /* GFHomeContentViewController.m */,
				FC20A9A61CE4E50400BEAF36 /* GFCollectionViewFlowLayout.h */,
				FC20A9A71CE4E50400BEAF36 /* GFCollectionViewFlowLayout.m */,
				FC20A9A11CE4E16500BEAF36 /* GFHomeContentCollectionViewCell.h */,
				FC20A9A21CE4E16500BEAF36 /* GFHomeContentCollectionViewCell.m */,
				FC20A9A31CE4E16500BEAF36 /* GFHomeContentCollectionViewCell.xib */,
			);
			name = View;
			sourceTree = "<group>";
		};
		FC20A9991CE4DDE900BEAF36 /* ViewModel */ = {
			isa = PBXGroup;
			children = (
				FC20A99B1CE4DE1F00BEAF36 /* GFHomeContentViewModel.h */,
				FC20A99C1CE4DE1F00BEAF36 /* GFHomeContentViewModel.m */,
			);
			name = ViewModel;
			sourceTree = "<group>";
		};
		FC20A99A1CE4DDF400BEAF36 /* Model */ = {
			isa = PBXGroup;
			children = (
				FC20A99E1CE4DEE200BEAF36 /* GFHomeContentModel.h */,
				FC20A99F1CE4DEE200BEAF36 /* GFHomeContentModel.m */,
			);
			name = Model;
			sourceTree = "<group>";
		};
		FCEC41D21CDB9B78007F8F73 = {
			isa = PBXGroup;
			children = (
				FCEC41DD1CDB9B78007F8F73 /* oneWord */,
				FCEC41F71CDB9B78007F8F73 /* oneWordTests */,
				FCEC42021CDB9B78007F8F73 /* oneWordUITests */,
				FCEC41DC1CDB9B78007F8F73 /* Products */,
				BE23C209773930DAACE000AB /* Pods */,
				3A030DA9E825CA0D69E7AF7E /* Frameworks */,
			);
			sourceTree = "<group>";
		};
		FCEC41DC1CDB9B78007F8F73 /* Products */ = {
			isa = PBXGroup;
			children = (
				FCEC41DB1CDB9B78007F8F73 /* oneWord.app */,
				FCEC41F41CDB9B78007F8F73 /* oneWordTests.xctest */,
				FCEC41FF1CDB9B78007F8F73 /* oneWordUITests.xctest */,
			);
			name = Products;
			sourceTree = "<group>";
		};
		FCEC41DD1CDB9B78007F8F73 /* oneWord */ = {
			isa = PBXGroup;
			children = (
				FC20A98F1CE4D60D00BEAF36 /* API */,
				FC101BF21CE36A1000ADAADF /* Me */,
				FC101BF11CE36A0A00ADAADF /* Message */,
				FCEC42211CDBA3DE007F8F73 /* Other */,
				FCEC421C1CDBA249007F8F73 /* overwrite */,
				FCEC42131CDB9E90007F8F73 /* Content */,
				FCEC42151CDB9EB6007F8F73 /* ContentSort */,
				FCEC42141CDB9EB1007F8F73 /* Main */,
				FCEC42111CDB9BC6007F8F73 /* Category */,
				FCEC41E11CDB9B78007F8F73 /* AppDelegate.h */,
				FCEC41E21CDB9B78007F8F73 /* AppDelegate.m */,
				FC1ACF8C1CE373A600DE97A6 /* lanuch.png */,
				FCEC41EA1CDB9B78007F8F73 /* Assets.xcassets */,
				FCEC41EC1CDB9B78007F8F73 /* LaunchScreen.storyboard */,
				FCEC41EF1CDB9B78007F8F73 /* Info.plist */,
				FCEC41DE1CDB9B78007F8F73 /* Supporting Files */,
			);
			path = oneWord;
			sourceTree = "<group>";
		};
		FCEC41DE1CDB9B78007F8F73 /* Supporting Files */ = {
			isa = PBXGroup;
			children = (
				FCEC42221CDBA3F3007F8F73 /* GFPrefixHeader.pch */,
				FCEC41DF1CDB9B78007F8F73 /* main.m */,
			);
			name = "Supporting Files";
			sourceTree = "<group>";
		};
		FCEC41F71CDB9B78007F8F73 /* oneWordTests */ = {
			isa = PBXGroup;
			children = (
				FCEC41F81CDB9B78007F8F73 /* oneWordTests.m */,
				FC1D11AB1D06A9DF0019BC8E /* GFLoginRacTest.m */,
				FCEC41FA1CDB9B78007F8F73 /* Info.plist */,
			);
			path = oneWordTests;
			sourceTree = "<group>";
		};
		FCEC42021CDB9B78007F8F73 /* oneWordUITests */ = {
			isa = PBXGroup;
			children = (
				FCEC42031CDB9B78007F8F73 /* oneWordUITests.m */,
				FCEC42051CDB9B78007F8F73 /* Info.plist */,
			);
			path = oneWordUITests;
			sourceTree = "<group>";
		};
		FCEC42111CDB9BC6007F8F73 /* Category */ = {
			isa = PBXGroup;
			children = (
				FC101C061CE36CEB00ADAADF /* UIBarButtonItem+GFBarButtonItem.h */,
				FC101C071CE36CEB00ADAADF /* UIBarButtonItem+GFBarButtonItem.m */,
				FC101C001CE36AE200ADAADF /* GFNavigationController.h */,
				FC101C011CE36AE200ADAADF /* GFNavigationController.m */,
				FC101BFD1CE36AA900ADAADF /* UIImage+GFImage.h */,
				FC101BFE1CE36AA900ADAADF /* UIImage+GFImage.m */,
				FCEC421D1CDBA334007F8F73 /* UIView+GFExtension.h */,
				FCEC421E1CDBA334007F8F73 /* UIView+GFExtension.m */,
				FCC1C92A1CDDA423001D95C2 /* UIImageView+GFCornerRadius.h */,
				FCC1C92B1CDDA423001D95C2 /* UIImageView+GFCornerRadius.m */,
				FCEC42201CDBA39A007F8F73 /* GFCategoryHeader.h */,
			);
			name = Category;
			sourceTree = "<group>";
		};
		FCEC42131CDB9E90007F8F73 /* Content */ = {
			isa = PBXGroup;
			children = (
				FC20A99A1CE4DDF400BEAF36 /* Model */,
				FC20A9991CE4DDE900BEAF36 /* ViewModel */,
				FC20A9981CE4DDE400BEAF36 /* View */,
			);
			name = Content;
			sourceTree = "<group>";
		};
		FCEC42141CDB9EB1007F8F73 /* Main */ = {
			isa = PBXGroup;
			children = (
				FCEC42161CDB9F75007F8F73 /* GFTabBarViewController.h */,
				FCEC42171CDB9F75007F8F73 /* GFTabBarViewController.m */,
				FC101C031CE36C2500ADAADF /* GFTabBar.h */,
				FC101C041CE36C2500ADAADF /* GFTabBar.m */,
			);
			name = Main;
			sourceTree = "<group>";
		};
		FCEC42151CDB9EB6007F8F73 /* ContentSort */ = {
			isa = PBXGroup;
			children = (
				FCEC42231CDBA9D2007F8F73 /* GFContentSortTableViewController.h */,
				FCEC42241CDBA9D2007F8F73 /* GFContentSortTableViewController.m */,
				FC1D11B31D06BB420019BC8E /* GFContentSortCell.h */,
				FC1D11B41D06BB420019BC8E /* GFContentSortCell.m */,
				FC1D11B51D06BB420019BC8E /* GFContentSortCell.xib */,
			);
			name = ContentSort;
			sourceTree = "<group>";
		};
		FCEC421C1CDBA249007F8F73 /* overwrite */ = {
			isa = PBXGroup;
			children = (
			);
			name = overwrite;
			sourceTree = "<group>";
		};
		FCEC42211CDBA3DE007F8F73 /* Other */ = {
			isa = PBXGroup;
			children = (
				FC1ACF911CE377D900DE97A6 /* GFConstValue.h */,
				FC1ACF921CE377D900DE97A6 /* GFConstValue.m */,
			);
			name = Other;
			sourceTree = "<group>";
		};
/* End PBXGroup section */

/* Begin PBXNativeTarget section */
		FCEC41DA1CDB9B78007F8F73 /* oneWord */ = {
			isa = PBXNativeTarget;
			buildConfigurationList = FCEC42081CDB9B78007F8F73 /* Build configuration list for PBXNativeTarget "oneWord" */;
			buildPhases = (
				78FF01B692A282CBBEF73041 /* Check Pods Manifest.lock */,
				FCEC41D71CDB9B78007F8F73 /* Sources */,
				FCEC41D81CDB9B78007F8F73 /* Frameworks */,
				FCEC41D91CDB9B78007F8F73 /* Resources */,
				AD693C0A2BBF67DB24DAD35B /* Embed Pods Frameworks */,
				3C3CBF96144D13666043C8AA /* Copy Pods Resources */,
			);
			buildRules = (
			);
			dependencies = (
			);
			name = oneWord;
			productName = oneWord;
			productReference = FCEC41DB1CDB9B78007F8F73 /* oneWord.app */;
			productType = "com.apple.product-type.application";
		};
		FCEC41F31CDB9B78007F8F73 /* oneWordTests */ = {
			isa = PBXNativeTarget;
			buildConfigurationList = FCEC420B1CDB9B78007F8F73 /* Build configuration list for PBXNativeTarget "oneWordTests" */;
			buildPhases = (
				FCEC41F01CDB9B78007F8F73 /* Sources */,
				FCEC41F11CDB9B78007F8F73 /* Frameworks */,
				FCEC41F21CDB9B78007F8F73 /* Resources */,
			);
			buildRules = (
			);
			dependencies = (
				FCEC41F61CDB9B78007F8F73 /* PBXTargetDependency */,
			);
			name = oneWordTests;
			productName = oneWordTests;
			productReference = FCEC41F41CDB9B78007F8F73 /* oneWordTests.xctest */;
			productType = "com.apple.product-type.bundle.unit-test";
		};
		FCEC41FE1CDB9B78007F8F73 /* oneWordUITests */ = {
			isa = PBXNativeTarget;
			buildConfigurationList = FCEC420E1CDB9B78007F8F73 /* Build configuration list for PBXNativeTarget "oneWordUITests" */;
			buildPhases = (
				FCEC41FB1CDB9B78007F8F73 /* Sources */,
				FCEC41FC1CDB9B78007F8F73 /* Frameworks */,
				FCEC41FD1CDB9B78007F8F73 /* Resources */,
			);
			buildRules = (
			);
			dependencies = (
				FCEC42011CDB9B78007F8F73 /* PBXTargetDependency */,
			);
			name = oneWordUITests;
			productName = oneWordUITests;
			productReference = FCEC41FF1CDB9B78007F8F73 /* oneWordUITests.xctest */;
			productType = "com.apple.product-type.bundle.ui-testing";
		};
/* End PBXNativeTarget section */

/* Begin PBXProject section */
		FCEC41D31CDB9B78007F8F73 /* Project object */ = {
			isa = PBXProject;
			attributes = {
				CLASSPREFIX = GF;
				LastUpgradeCheck = 0730;
				ORGANIZATIONNAME = goofyy;
				TargetAttributes = {
					FCEC41DA1CDB9B78007F8F73 = {
						CreatedOnToolsVersion = 7.3;
						DevelopmentTeam = 8834V5NS5J;
					};
					FCEC41F31CDB9B78007F8F73 = {
						CreatedOnToolsVersion = 7.3;
						DevelopmentTeam = 8834V5NS5J;
						TestTargetID = FCEC41DA1CDB9B78007F8F73;
					};
					FCEC41FE1CDB9B78007F8F73 = {
						CreatedOnToolsVersion = 7.3;
						DevelopmentTeam = 8834V5NS5J;
						TestTargetID = FCEC41DA1CDB9B78007F8F73;
					};
				};
			};
			buildConfigurationList = FCEC41D61CDB9B78007F8F73 /* Build configuration list for PBXProject "oneWord" */;
			compatibilityVersion = "Xcode 3.2";
			developmentRegion = English;
			hasScannedForEncodings = 0;
			knownRegions = (
				en,
				Base,
			);
			mainGroup = FCEC41D21CDB9B78007F8F73;
			productRefGroup = FCEC41DC1CDB9B78007F8F73 /* Products */;
			projectDirPath = "";
			projectRoot = "";
			targets = (
				FCEC41DA1CDB9B78007F8F73 /* oneWord */,
				FCEC41F31CDB9B78007F8F73 /* oneWordTests */,
				FCEC41FE1CDB9B78007F8F73 /* oneWordUITests */,
			);
		};
/* End PBXProject section */

/* Begin PBXResourcesBuildPhase section */
		FCEC41D91CDB9B78007F8F73 /* Resources */ = {
			isa = PBXResourcesBuildPhase;
			buildActionMask = 2147483647;
			files = (
				FCEC41EE1CDB9B78007F8F73 /* LaunchScreen.storyboard in Resources */,
				FC1ACF8D1CE373A600DE97A6 /* lanuch.png in Resources */,
				FC1D11B71D06BB420019BC8E /* GFContentSortCell.xib in Resources */,
				FC101BFC1CE36A3F00ADAADF /* GFMeViewController.xib in Resources */,
				FCEC41EB1CDB9B78007F8F73 /* Assets.xcassets in Resources */,
				FC20A9A51CE4E16500BEAF36 /* GFHomeContentCollectionViewCell.xib in Resources */,
				FC101BF71CE36A3000ADAADF /* GFMessageViewController.xib in Resources */,
			);
			runOnlyForDeploymentPostprocessing = 0;
		};
		FCEC41F21CDB9B78007F8F73 /* Resources */ = {
			isa = PBXResourcesBuildPhase;
			buildActionMask = 2147483647;
			files = (
			);
			runOnlyForDeploymentPostprocessing = 0;
		};
		FCEC41FD1CDB9B78007F8F73 /* Resources */ = {
			isa = PBXResourcesBuildPhase;
			buildActionMask = 2147483647;
			files = (
			);
			runOnlyForDeploymentPostprocessing = 0;
		};
/* End PBXResourcesBuildPhase section */

/* Begin PBXShellScriptBuildPhase section */
		3C3CBF96144D13666043C8AA /* Copy Pods Resources */ = {
			isa = PBXShellScriptBuildPhase;
			buildActionMask = 2147483647;
			files = (
			);
			inputPaths = (
			);
			name = "Copy Pods Resources";
			outputPaths = (
			);
			runOnlyForDeploymentPostprocessing = 0;
			shellPath = /bin/sh;
			shellScript = "\"${SRCROOT}/Pods/Target Support Files/Pods/Pods-resources.sh\"\n";
			showEnvVarsInLog = 0;
		};
		78FF01B692A282CBBEF73041 /* Check Pods Manifest.lock */ = {
			isa = PBXShellScriptBuildPhase;
			buildActionMask = 2147483647;
			files = (
			);
			inputPaths = (
			);
			name = "Check Pods Manifest.lock";
			outputPaths = (
			);
			runOnlyForDeploymentPostprocessing = 0;
			shellPath = /bin/sh;
			shellScript = "diff \"${PODS_ROOT}/../Podfile.lock\" \"${PODS_ROOT}/Manifest.lock\" > /dev/null\nif [[ $? != 0 ]] ; then\n    cat << EOM\nerror: The sandbox is not in sync with the Podfile.lock. Run 'pod install' or update your CocoaPods installation.\nEOM\n    exit 1\nfi\n";
			showEnvVarsInLog = 0;
		};
		AD693C0A2BBF67DB24DAD35B /* Embed Pods Frameworks */ = {
			isa = PBXShellScriptBuildPhase;
			buildActionMask = 2147483647;
			files = (
			);
			inputPaths = (
			);
			name = "Embed Pods Frameworks";
			outputPaths = (
			);
			runOnlyForDeploymentPostprocessing = 0;
			shellPath = /bin/sh;
			shellScript = "\"${SRCROOT}/Pods/Target Support Files/Pods/Pods-frameworks.sh\"\n";
			showEnvVarsInLog = 0;
		};
/* End PBXShellScriptBuildPhase section */

/* Begin PBXSourcesBuildPhase section */
		FCEC41D71CDB9B78007F8F73 /* Sources */ = {
			isa = PBXSourcesBuildPhase;
			buildActionMask = 2147483647;
			files = (
				FC101C021CE36AE200ADAADF /* GFNavigationController.m in Sources */,
				FCEC421F1CDBA334007F8F73 /* UIView+GFExtension.m in Sources */,
				FCEC421B1CDBA04C007F8F73 /* GFHomeContentViewController.m in Sources */,
				FC20A9A01CE4DEE200BEAF36 /* GFHomeContentModel.m in Sources */,
				FC101C081CE36CEB00ADAADF /* UIBarButtonItem+GFBarButtonItem.m in Sources */,
				FC1ACF931CE377D900DE97A6 /* GFConstValue.m in Sources */,
				FCEC41E31CDB9B78007F8F73 /* AppDelegate.m in Sources */,
				FCC1C92C1CDDA423001D95C2 /* UIImageView+GFCornerRadius.m in Sources */,
				FCEC42251CDBA9D2007F8F73 /* GFContentSortTableViewController.m in Sources */,
				FC20A9A41CE4E16500BEAF36 /* GFHomeContentCollectionViewCell.m in Sources */,
				FC101C051CE36C2500ADAADF /* GFTabBar.m in Sources */,
				FC1D11B61D06BB420019BC8E /* GFContentSortCell.m in Sources */,
				FC101BF61CE36A3000ADAADF /* GFMessageViewController.m in Sources */,
				FC20A9961CE4D90F00BEAF36 /* GFNetworkingConst.m in Sources */,
				FC20A9A81CE4E50400BEAF36 /* GFCollectionViewFlowLayout.m in Sources */,
				FC8CFCCB1CE613E700795D5F /* GFHTTPManger+GFLoginRAC.m in Sources */,
				FC8CFCC81CE6125000795D5F /* GFHTTPManger+GFLogin.m in Sources */,
				FC101BFF1CE36AA900ADAADF /* UIImage+GFImage.m in Sources */,
				FC20A99D1CE4DE1F00BEAF36 /* GFHomeContentViewModel.m in Sources */,
				FC101BFB1CE36A3F00ADAADF /* GFMeViewController.m in Sources */,
				FCEC42181CDB9F75007F8F73 /* GFTabBarViewController.m in Sources */,
				FC20A9931CE4D64400BEAF36 /* GFHTTPManger.m in Sources */,
				FCEC41E01CDB9B78007F8F73 /* main.m in Sources */,
			);
			runOnlyForDeploymentPostprocessing = 0;
		};
		FCEC41F01CDB9B78007F8F73 /* Sources */ = {
			isa = PBXSourcesBuildPhase;
			buildActionMask = 2147483647;
			files = (
				FCEC41F91CDB9B78007F8F73 /* oneWordTests.m in Sources */,
				FC1D11AC1D06A9DF0019BC8E /* GFLoginRacTest.m in Sources */,
			);
			runOnlyForDeploymentPostprocessing = 0;
		};
		FCEC41FB1CDB9B78007F8F73 /* Sources */ = {
			isa = PBXSourcesBuildPhase;
			buildActionMask = 2147483647;
			files = (
				FCEC42041CDB9B78007F8F73 /* oneWordUITests.m in Sources */,
			);
			runOnlyForDeploymentPostprocessing = 0;
		};
/* End PBXSourcesBuildPhase section */

/* Begin PBXTargetDependency section */
		FCEC41F61CDB9B78007F8F73 /* PBXTargetDependency */ = {
			isa = PBXTargetDependency;
			target = FCEC41DA1CDB9B78007F8F73 /* oneWord */;
			targetProxy = FCEC41F51CDB9B78007F8F73 /* PBXContainerItemProxy */;
		};
		FCEC42011CDB9B78007F8F73 /* PBXTargetDependency */ = {
			isa = PBXTargetDependency;
			target = FCEC41DA1CDB9B78007F8F73 /* oneWord */;
			targetProxy = FCEC42001CDB9B78007F8F73 /* PBXContainerItemProxy */;
		};
/* End PBXTargetDependency section */

/* Begin PBXVariantGroup section */
		FCEC41EC1CDB9B78007F8F73 /* LaunchScreen.storyboard */ = {
			isa = PBXVariantGroup;
			children = (
				FCEC41ED1CDB9B78007F8F73 /* Base */,
			);
			name = LaunchScreen.storyboard;
			sourceTree = "<group>";
		};
/* End PBXVariantGroup section */

/* Begin XCBuildConfiguration section */
		FCEC42061CDB9B78007F8F73 /* Debug */ = {
			isa = XCBuildConfiguration;
			buildSettings = {
				ALWAYS_SEARCH_USER_PATHS = NO;
				CLANG_ANALYZER_NONNULL = YES;
				CLANG_CXX_LANGUAGE_STANDARD = "gnu++0x";
				CLANG_CXX_LIBRARY = "libc++";
				CLANG_ENABLE_MODULES = YES;
				CLANG_ENABLE_OBJC_ARC = YES;
				CLANG_WARN_BOOL_CONVERSION = YES;
				CLANG_WARN_CONSTANT_CONVERSION = YES;
				CLANG_WARN_DIRECT_OBJC_ISA_USAGE = YES_ERROR;
				CLANG_WARN_EMPTY_BODY = YES;
				CLANG_WARN_ENUM_CONVERSION = YES;
				CLANG_WARN_INT_CONVERSION = YES;
				CLANG_WARN_OBJC_ROOT_CLASS = YES_ERROR;
				CLANG_WARN_UNREACHABLE_CODE = YES;
				CLANG_WARN__DUPLICATE_METHOD_MATCH = YES;
				"CODE_SIGN_IDENTITY[sdk=iphoneos*]" = "iPhone Developer";
				COPY_PHASE_STRIP = NO;
				DEBUG_INFORMATION_FORMAT = dwarf;
				ENABLE_STRICT_OBJC_MSGSEND = YES;
				ENABLE_TESTABILITY = YES;
				GCC_C_LANGUAGE_STANDARD = gnu99;
				GCC_DYNAMIC_NO_PIC = NO;
				GCC_NO_COMMON_BLOCKS = YES;
				GCC_OPTIMIZATION_LEVEL = 0;
				GCC_PREPROCESSOR_DEFINITIONS = (
					"DEBUG=1",
					"$(inherited)",
				);
				GCC_WARN_64_TO_32_BIT_CONVERSION = YES;
				GCC_WARN_ABOUT_RETURN_TYPE = YES_ERROR;
				GCC_WARN_UNDECLARED_SELECTOR = YES;
				GCC_WARN_UNINITIALIZED_AUTOS = YES_AGGRESSIVE;
				GCC_WARN_UNUSED_FUNCTION = YES;
				GCC_WARN_UNUSED_VARIABLE = YES;
				IPHONEOS_DEPLOYMENT_TARGET = 9.3;
				MTL_ENABLE_DEBUG_INFO = YES;
				ONLY_ACTIVE_ARCH = YES;
				SDKROOT = iphoneos;
			};
			name = Debug;
		};
		FCEC42071CDB9B78007F8F73 /* Release */ = {
			isa = XCBuildConfiguration;
			buildSettings = {
				ALWAYS_SEARCH_USER_PATHS = NO;
				CLANG_ANALYZER_NONNULL = YES;
				CLANG_CXX_LANGUAGE_STANDARD = "gnu++0x";
				CLANG_CXX_LIBRARY = "libc++";
				CLANG_ENABLE_MODULES = YES;
				CLANG_ENABLE_OBJC_ARC = YES;
				CLANG_WARN_BOOL_CONVERSION = YES;
				CLANG_WARN_CONSTANT_CONVERSION = YES;
				CLANG_WARN_DIRECT_OBJC_ISA_USAGE = YES_ERROR;
				CLANG_WARN_EMPTY_BODY = YES;
				CLANG_WARN_ENUM_CONVERSION = YES;
				CLANG_WARN_INT_CONVERSION = YES;
				CLANG_WARN_OBJC_ROOT_CLASS = YES_ERROR;
				CLANG_WARN_UNREACHABLE_CODE = YES;
				CLANG_WARN__DUPLICATE_METHOD_MATCH = YES;
				"CODE_SIGN_IDENTITY[sdk=iphoneos*]" = "iPhone Developer";
				COPY_PHASE_STRIP = NO;
				DEBUG_INFORMATION_FORMAT = "dwarf-with-dsym";
				ENABLE_NS_ASSERTIONS = NO;
				ENABLE_STRICT_OBJC_MSGSEND = YES;
				GCC_C_LANGUAGE_STANDARD = gnu99;
				GCC_NO_COMMON_BLOCKS = YES;
				GCC_WARN_64_TO_32_BIT_CONVERSION = YES;
				GCC_WARN_ABOUT_RETURN_TYPE = YES_ERROR;
				GCC_WARN_UNDECLARED_SELECTOR = YES;
				GCC_WARN_UNINITIALIZED_AUTOS = YES_AGGRESSIVE;
				GCC_WARN_UNUSED_FUNCTION = YES;
				GCC_WARN_UNUSED_VARIABLE = YES;
				IPHONEOS_DEPLOYMENT_TARGET = 9.3;
				MTL_ENABLE_DEBUG_INFO = NO;
				SDKROOT = iphoneos;
				VALIDATE_PRODUCT = YES;
			};
			name = Release;
		};
		FCEC42091CDB9B78007F8F73 /* Debug */ = {
			isa = XCBuildConfiguration;
			baseConfigurationReference = BDCFED3EC03D53901732E0C6 /* Pods.debug.xcconfig */;
			buildSettings = {
				ASSETCATALOG_COMPILER_APPICON_NAME = AppIcon;
				GCC_PREFIX_HEADER = "$(SRCROOT)/$(PROJECT)/GFPrefixHeader.pch";
				INFOPLIST_FILE = oneWord/Info.plist;
				IPHONEOS_DEPLOYMENT_TARGET = 8.0;
				LD_RUNPATH_SEARCH_PATHS = "$(inherited) @executable_path/Frameworks";
				PRODUCT_BUNDLE_IDENTIFIER = goofyy.com.oneWord;
				PRODUCT_NAME = "$(TARGET_NAME)";
			};
			name = Debug;
		};
		FCEC420A1CDB9B78007F8F73 /* Release */ = {
			isa = XCBuildConfiguration;
			baseConfigurationReference = 99ECDC98EDF8ADD3D0763CB8 /* Pods.release.xcconfig */;
			buildSettings = {
				ASSETCATALOG_COMPILER_APPICON_NAME = AppIcon;
				GCC_PREFIX_HEADER = "$(SRCROOT)/$(PROJECT)/GFPrefixHeader.pch";
				INFOPLIST_FILE = oneWord/Info.plist;
				IPHONEOS_DEPLOYMENT_TARGET = 8.0;
				LD_RUNPATH_SEARCH_PATHS = "$(inherited) @executable_path/Frameworks";
				PRODUCT_BUNDLE_IDENTIFIER = goofyy.com.oneWord;
				PRODUCT_NAME = "$(TARGET_NAME)";
			};
			name = Release;
		};
		FCEC420C1CDB9B78007F8F73 /* Debug */ = {
			isa = XCBuildConfiguration;
			buildSettings = {
				BUNDLE_LOADER = "$(TEST_HOST)";
				INFOPLIST_FILE = oneWordTests/Info.plist;
				LD_RUNPATH_SEARCH_PATHS = "$(inherited) @executable_path/Frameworks @loader_path/Frameworks";
				PRODUCT_BUNDLE_IDENTIFIER = goofyy.com.oneWordTests;
				PRODUCT_NAME = "$(TARGET_NAME)";
				TEST_HOST = "$(BUILT_PRODUCTS_DIR)/oneWord.app/oneWord";
			};
			name = Debug;
		};
		FCEC420D1CDB9B78007F8F73 /* Release */ = {
			isa = XCBuildConfiguration;
			buildSettings = {
				BUNDLE_LOADER = "$(TEST_HOST)";
				INFOPLIST_FILE = oneWordTests/Info.plist;
				LD_RUNPATH_SEARCH_PATHS = "$(inherited) @executable_path/Frameworks @loader_path/Frameworks";
				PRODUCT_BUNDLE_IDENTIFIER = goofyy.com.oneWordTests;
				PRODUCT_NAME = "$(TARGET_NAME)";
				TEST_HOST = "$(BUILT_PRODUCTS_DIR)/oneWord.app/oneWord";
			};
			name = Release;
		};
		FCEC420F1CDB9B78007F8F73 /* Debug */ = {
			isa = XCBuildConfiguration;
			buildSettings = {
				INFOPLIST_FILE = oneWordUITests/Info.plist;
				LD_RUNPATH_SEARCH_PATHS = "$(inherited) @executable_path/Frameworks @loader_path/Frameworks";
				PRODUCT_BUNDLE_IDENTIFIER = goofyy.com.oneWordUITests;
				PRODUCT_NAME = "$(TARGET_NAME)";
				TEST_TARGET_NAME = oneWord;
			};
			name = Debug;
		};
		FCEC42101CDB9B78007F8F73 /* Release */ = {
			isa = XCBuildConfiguration;
			buildSettings = {
				INFOPLIST_FILE = oneWordUITests/Info.plist;
				LD_RUNPATH_SEARCH_PATHS = "$(inherited) @executable_path/Frameworks @loader_path/Frameworks";
				PRODUCT_BUNDLE_IDENTIFIER = goofyy.com.oneWordUITests;
				PRODUCT_NAME = "$(TARGET_NAME)";
				TEST_TARGET_NAME = oneWord;
			};
			name = Release;
		};
/* End XCBuildConfiguration section */

/* Begin XCConfigurationList section */
		FCEC41D61CDB9B78007F8F73 /* Build configuration list for PBXProject "oneWord" */ = {
			isa = XCConfigurationList;
			buildConfigurations = (
				FCEC42061CDB9B78007F8F73 /* Debug */,
				FCEC42071CDB9B78007F8F73 /* Release */,
			);
			defaultConfigurationIsVisible = 0;
			defaultConfigurationName = Release;
		};
		FCEC42081CDB9B78007F8F73 /* Build configuration list for PBXNativeTarget "oneWord" */ = {
			isa = XCConfigurationList;
			buildConfigurations = (
				FCEC42091CDB9B78007F8F73 /* Debug */,
				FCEC420A1CDB9B78007F8F73 /* Release */,
			);
			defaultConfigurationIsVisible = 0;
			defaultConfigurationName = Release;
		};
		FCEC420B1CDB9B78007F8F73 /* Build configuration list for PBXNativeTarget "oneWordTests" */ = {
			isa = XCConfigurationList;
			buildConfigurations = (
				FCEC420C1CDB9B78007F8F73 /* Debug */,
				FCEC420D1CDB9B78007F8F73 /* Release */,
			);
			defaultConfigurationIsVisible = 0;
			defaultConfigurationName = Release;
		};
		FCEC420E1CDB9B78007F8F73 /* Build configuration list for PBXNativeTarget "oneWordUITests" */ = {
			isa = XCConfigurationList;
			buildConfigurations = (
				FCEC420F1CDB9B78007F8F73 /* Debug */,
				FCEC42101CDB9B78007F8F73 /* Release */,
			);
			defaultConfigurationIsVisible = 0;
			defaultConfigurationName = Release;
		};
/* End XCConfigurationList section */
	};
	rootObject = FCEC41D31CDB9B78007F8F73 /* Project object */;
}
